
Microsoft Visual Studio Solution File, Format Version 12.00
# Visual Studio Version 16
VisualStudioVersion = 16.0.30529.15
MinimumVisualStudioVersion = 10.0.40219.1
Project("{9A19103F-16F7-4668-BE54-9A1E7A4F7556}") = "TestsNotPublished", "TestsNotPublished\TestsNotPublished.csproj", "{3FA0114E-44A1-4EEE-8ACF-D0056DA0790F}"
EndProject
Project("{FAE04EC0-301F-11D3-BF4B-00C04F79EFBC}") = "NUnitTestProject1", "NUnitTestProject1\NUnitTestProject1.csproj", "{5FA68F70-6EAB-4E19-8C60-B50BFC5D6BD0}"
EndProject
Global
	GlobalSection(SolutionConfigurationPlatforms) = preSolution
		Debug|Any CPU = Debug|Any CPU
		Release|Any CPU = Release|Any CPU
	EndGlobalSection
	GlobalSection(ProjectConfigurationPlatforms) = postSolution
		{3FA0114E-44A1-4EEE-8ACF-D0056DA0790F}.Debug|Any CPU.ActiveCfg = Debug|Any CPU
		{3FA0114E-44A1-4EEE-8ACF-D0056DA0790F}.Debug|Any CPU.Build.0 = Debug|Any CPU
		{3FA0114E-44A1-4EEE-8ACF-D0056DA0790F}.Release|Any CPU.ActiveCfg = Release|Any CPU
		{3FA0114E-44A1-4EEE-8ACF-D0056DA0790F}.Release|Any CPU.Build.0 = Release|Any CPU
		{5FA68F70-6EAB-4E19-8C60-B50BFC5D6BD0}.Debug|Any CPU.ActiveCfg = Debug|Any CPU
		{5FA68F70-6EAB-4E19-8C60-B50BFC5D6BD0}.Debug|Any CPU.Build.0 = Debug|Any CPU
		{5FA68F70-6EAB-4E19-8C60-B50BFC5D6BD0}.Release|Any CPU.ActiveCfg = Release|Any CPU
		{5FA68F70-6EAB-4E19-8C60-B50BFC5D6BD0}.Release|Any CPU.Build.0 = Release|Any CPU
	EndGlobalSection
	GlobalSection(SolutionProperties) = preSolution
		HideSolutionNode = FALSE
	EndGlobalSection
	GlobalSection(ExtensibilityGlobals) = postSolution
		SolutionGuid = {1E90D47F-B521-4DDC-923D-A35CFC34B27A}
	EndGlobalSection
EndGlobal
